// !$*UTF8*$!
{
	archiveVersion = 1;
	classes = {
	};
	objectVersion = 50;
	objects = {

/* Begin PBXBuildFile section */
		85B197202525E7F200F8B7EE /* AppDelegate.swift in Sources */ = {isa = PBXBuildFile; fileRef = 85B1971F2525E7F200F8B7EE /* AppDelegate.swift */; };
		85B197222525E7F200F8B7EE /* SceneDelegate.swift in Sources */ = {isa = PBXBuildFile; fileRef = 85B197212525E7F200F8B7EE /* SceneDelegate.swift */; };
		85B197242525E7F200F8B7EE /* ViewController.swift in Sources */ = {isa = PBXBuildFile; fileRef = 85B197232525E7F200F8B7EE /* ViewController.swift */; };
		85B197272525E7F200F8B7EE /* Main.storyboard in Resources */ = {isa = PBXBuildFile; fileRef = 85B197252525E7F200F8B7EE /* Main.storyboard */; };
		85B197292525E7F700F8B7EE /* Assets.xcassets in Resources */ = {isa = PBXBuildFile; fileRef = 85B197282525E7F700F8B7EE /* Assets.xcassets */; };
		85B1972C2525E7F700F8B7EE /* LaunchScreen.storyboard in Resources */ = {isa = PBXBuildFile; fileRef = 85B1972A2525E7F700F8B7EE /* LaunchScreen.storyboard */; };
/* End PBXBuildFile section */

/* Begin PBXFileReference section */
		85B1971C2525E7F200F8B7EE /* MINC_bilder.app */ = {isa = PBXFileReference; explicitFileType = wrapper.application; includeInIndex = 0; path = MINC_bilder.app; sourceTree = BUILT_PRODUCTS_DIR; };
		85B1971F2525E7F200F8B7EE /* AppDelegate.swift */ = {isa = PBXFileReference; lastKnownFileType = sourcecode.swift; path = AppDelegate.swift; sourceTree = "<group>"; };
		85B197212525E7F200F8B7EE /* SceneDelegate.swift */ = {isa = PBXFileReference; lastKnownFileType = sourcecode.swift; path = SceneDelegate.swift; sourceTree = "<group>"; };
		85B197232525E7F200F8B7EE /* ViewController.swift */ = {isa = PBXFileReference; lastKnownFileType = sourcecode.swift; path = ViewController.swift; sourceTree = "<group>"; };
		85B197262525E7F200F8B7EE /* Base */ = {isa = PBXFileReference; lastKnownFileType = file.storyboard; name = Base; path = Base.lproj/Main.storyboard; sourceTree = "<group>"; };
		85B197282525E7F700F8B7EE /* Assets.xcassets */ = {isa = PBXFileReference; lastKnownFileType = folder.assetcatalog; path = Assets.xcassets; sourceTree = "<group>"; };
		85B1972B2525E7F700F8B7EE /* Base */ = {isa = PBXFileReference; lastKnownFileType = file.storyboard; name = Base; path = Base.lproj/LaunchScreen.storyboard; sourceTree = "<group>"; };
		85B1972D2525E7F700F8B7EE /* Info.plist */ = {isa = PBXFileReference; lastKnownFileType = text.plist.xml; path = Info.plist; sourceTree = "<group>"; };
/* End PBXFileReference section */

/* Begin PBXFrameworksBuildPhase section */
		85B197192525E7F200F8B7EE /* Frameworks */ = {
			isa = PBXFrameworksBuildPhase;
			buildActionMask = 2147483647;
			files = (
			);
			runOnlyForDeploymentPostprocessing = 0;
		};
/* End PBXFrameworksBuildPhase section */

/* Begin PBXGroup section */
		85B197132525E7F200F8B7EE = {
			isa = PBXGroup;
			children = (
				85B1971E2525E7F200F8B7EE /* MINC_bilder */,
				85B1971D2525E7F200F8B7EE /* Products */,
			);
			sourceTree = "<group>";
		};
		85B1971D2525E7F200F8B7EE /* Products */ = {
			isa = PBXGroup;
			children = (
				85B1971C2525E7F200F8B7EE /* MINC_bilder.app */,
			);
			name = Products;
			sourceTree = "<group>";
		};
		85B1971E2525E7F200F8B7EE /* MINC_bilder */ = {
			isa = PBXGroup;
			children = (
				85B1971F2525E7F200F8B7EE /* AppDelegate.swift */,
				85B197212525E7F200F8B7EE /* SceneDelegate.swift */,
				85B197232525E7F200F8B7EE /* ViewController.swift */,
				85B197252525E7F200F8B7EE /* Main.storyboard */,
				85B197282525E7F700F8B7EE /* Assets.xcassets */,
				85B1972A2525E7F700F8B7EE /* LaunchScreen.storyboard */,
				85B1972D2525E7F700F8B7EE /* Info.plist */,
			);
			path = MINC_bilder;
			sourceTree = "<group>";
		};
/* End PBXGroup section */

/* Begin PBXNativeTarget section */
		85B1971B2525E7F200F8B7EE /* MINC_bilder */ = {
			isa = PBXNativeTarget;
			buildConfigurationList = 85B197302525E7F700F8B7EE /* Build configuration list for PBXNativeTarget "MINC_bilder" */;
			buildPhases = (
				85B197182525E7F200F8B7EE /* Sources */,
				85B197192525E7F200F8B7EE /* Frameworks */,
				85B1971A2525E7F200F8B7EE /* Resources */,
			);
			buildRules = (
			);
			dependencies = (
			);
			name = MINC_bilder;
			productName = MINC_bilder;
			productReference = 85B1971C2525E7F200F8B7EE /* MINC_bilder.app */;
			productType = "com.apple.product-type.application";
		};
/* End PBXNativeTarget section */

/* Begin PBXProject section */
		85B197142525E7F200F8B7EE /* Project object */ = {
			isa = PBXProject;
			attributes = {
				LastSwiftUpdateCheck = 1170;
				LastUpgradeCheck = 1170;
				ORGANIZATIONNAME = "Finlay MacGregor";
				TargetAttributes = {
					85B1971B2525E7F200F8B7EE = {
						CreatedOnToolsVersion = 11.7;
					};
				};
			};
			buildConfigurationList = 85B197172525E7F200F8B7EE /* Build configuration list for PBXProject "MINC_bilder" */;
			compatibilityVersion = "Xcode 9.3";
			developmentRegion = en;
			hasScannedForEncodings = 0;
			knownRegions = (
				en,
				Base,
			);
			mainGroup = 85B197132525E7F200F8B7EE;
			productRefGroup = 85B1971D2525E7F200F8B7EE /* Products */;
			projectDirPath = "";
			projectRoot = "";
			targets = (
				85B1971B2525E7F200F8B7EE /* MINC_bilder */,
			);
		};
/* End PBXProject section */

/* Begin PBXResourcesBuildPhase section */
		85B1971A2525E7F200F8B7EE /* Resources */ = {
			isa = PBXResourcesBuildPhase;
			buildActionMask = 2147483647;
			files = (
				85B1972C2525E7F700F8B7EE /* LaunchScreen.storyboard in Resources */,
				85B197292525E7F700F8B7EE /* Assets.xcassets in Resources */,
				85B197272525E7F200F8B7EE /* Main.storyboard in Resources */,
			);
			runOnlyForDeploymentPostprocessing = 0;
		};
/* End PBXResourcesBuildPhase section */

/* Begin PBXSourcesBuildPhase section */
		85B197182525E7F200F8B7EE /* Sources */ = {
			isa = PBXSourcesBuildPhase;
			buildActionMask = 2147483647;
			files = (
				85B197242525E7F200F8B7EE /* ViewController.swift in Sources */,
				85B197202525E7F200F8B7EE /* AppDelegate.swift in Sources */,
				85B197222525E7F200F8B7EE /* SceneDelegate.swift in Sources */,
			);
			runOnlyForDeploymentPostprocessing = 0;
		};
/* End PBXSourcesBuildPhase section */

/* Begin PBXVariantGroup section */
		85B197252525E7F200F8B7EE /* Main.storyboard */ = {
			isa = PBXVariantGroup;
			children = (
				85B197262525E7F200F8B7EE /* Base */,
			);
			name = Main.storyboard;
			sourceTree = "<group>";
		};
		85B1972A2525E7F700F8B7EE /* LaunchScreen.storyboard */ = {
			isa = PBXVariantGroup;
			children = (
				85B1972B2525E7F700F8B7EE /* Base */,
			);
			name = LaunchScreen.storyboard;
			sourceTree = "<group>";
		};
/* End PBXVariantGroup section */

/* Begin XCBuildConfiguration section */
		85B1972E2525E7F700F8B7EE /* Debug */ = {
			isa = XCBuildConfiguration;
			buildSettings = {
				ALWAYS_SEARCH_USER_PATHS = NO;
				CLANG_ANALYZER_NONNULL = YES;
				CLANG_ANALYZER_NUMBER_OBJECT_CONVERSION = YES_AGGRESSIVE;
				CLANG_CXX_LANGUAGE_STANDARD = "gnu++14";
				CLANG_CXX_LIBRARY = "libc++";
				CLANG_ENABLE_MODULES = YES;
				CLANG_ENABLE_OBJC_ARC = YES;
				CLANG_ENABLE_OBJC_WEAK = YES;
				CLANG_WARN_BLOCK_CAPTURE_AUTORELEASING = YES;
				CLANG_WARN_BOOL_CONVERSION = YES;
				CLANG_WARN_COMMA = YES;
				CLANG_WARN_CONSTANT_CONVERSION = YES;
				CLANG_WARN_DEPRECATED_OBJC_IMPLEMENTATIONS = YES;
				CLANG_WARN_DIRECT_OBJC_ISA_USAGE = YES_ERROR;
				CLANG_WARN_DOCUMENTATION_COMMENTS = YES;
				CLANG_WARN_EMPTY_BODY = YES;
				CLANG_WARN_ENUM_CONVERSION = YES;
				CLANG_WARN_INFINITE_RECURSION = YES;
				CLANG_WARN_INT_CONVERSION = YES;
				CLANG_WARN_NON_LITERAL_NULL_CONVERSION = YES;
				CLANG_WARN_OBJC_IMPLICIT_RETAIN_SELF = YES;
				CLANG_WARN_OBJC_LITERAL_CONVERSION = YES;
				CLANG_WARN_OBJC_ROOT_CLASS = YES_ERROR;
				CLANG_WARN_RANGE_LOOP_ANALYSIS = YES;
				CLANG_WARN_STRICT_PROTOTYPES = YES;
				CLANG_WARN_SUSPICIOUS_MOVE = YES;
				CLANG_WARN_UNGUARDED_AVAILABILITY = YES_AGGRESSIVE;
				CLANG_WARN_UNREACHABLE_CODE = YES;
				CLANG_WARN__DUPLICATE_METHOD_MATCH = YES;
				COPY_PHASE_STRIP = NO;
				DEBUG_INFORMATION_FORMAT = dwarf;
				ENABLE_STRICT_OBJC_MSGSEND = YES;
				ENABLE_TESTABILITY = YES;
				GCC_C_LANGUAGE_STANDARD = gnu11;
				GCC_DYNAMIC_NO_PIC = NO;
				GCC_NO_COMMON_BLOCKS = YES;
				GCC_OPTIMIZATION_LEVEL = 0;
				GCC_PREPROCESSOR_DEFINITIONS = (
					"DEBUG=1",
					"$(inherited)",
				);
				GCC_WARN_64_TO_32_BIT_CONVERSION = YES;
				GCC_WARN_ABOUT_RETURN_TYPE = YES_ERROR;
				GCC_WARN_UNDECLARED_SELECTOR = YES;
				GCC_WARN_UNINITIALIZED_AUTOS = YES_AGGRESSIVE;
				GCC_WARN_UNUSED_FUNCTION = YES;
				GCC_WARN_UNUSED_VARIABLE = YES;
				IPHONEOS_DEPLOYMENT_TARGET = 13.7;
				MTL_ENABLE_DEBUG_INFO = INCLUDE_SOURCE;
				MTL_FAST_MATH = YES;
				ONLY_ACTIVE_ARCH = YES;
				SDKROOT = iphoneos;
				SWIFT_ACTIVE_COMPILATION_CONDITIONS = DEBUG;
				SWIFT_OPTIMIZATION_LEVEL = "-Onone";
			};
			name = Debug;
		};
		85B1972F2525E7F700F8B7EE /* Release */ = {
			isa = XCBuildConfiguration;
			buildSettings = {
				ALWAYS_SEARCH_USER_PATHS = NO;
				CLANG_ANALYZER_NONNULL = YES;
				CLANG_ANALYZER_NUMBER_OBJECT_CONVERSION = YES_AGGRESSIVE;
				CLANG_CXX_LANGUAGE_STANDARD = "gnu++14";
				CLANG_CXX_LIBRARY = "libc++";
				CLANG_ENABLE_MODULES = YES;
				CLANG_ENABLE_OBJC_ARC = YES;
				CLANG_ENABLE_OBJC_WEAK = YES;
				CLANG_WARN_BLOCK_CAPTURE_AUTORELEASING = YES;
				CLANG_WARN_BOOL_CONVERSION = YES;
				CLANG_WARN_COMMA = YES;
				CLANG_WARN_CONSTANT_CONVERSION = YES;
				CLANG_WARN_DEPRECATED_OBJC_IMPLEMENTATIONS = YES;
				CLANG_WARN_DIRECT_OBJC_ISA_USAGE = YES_ERROR;
				CLANG_WARN_DOCUMENTATION_COMMENTS = YES;
				CLANG_WARN_EMPTY_BODY = YES;
				CLANG_WARN_ENUM_CONVERSION = YES;
				CLANG_WARN_INFINITE_RECURSION = YES;
				CLANG_WARN_INT_CONVERSION = YES;
				CLANG_WARN_NON_LITERAL_NULL_CONVERSION = YES;
				CLANG_WARN_OBJC_IMPLICIT_RETAIN_SELF = YES;
				CLANG_WARN_OBJC_LITERAL_CONVERSION = YES;
				CLANG_WARN_OBJC_ROOT_CLASS = YES_ERROR;
				CLANG_WARN_RANGE_LOOP_ANALYSIS = YES;
				CLANG_WARN_STRICT_PROTOTYPES = YES;
				CLANG_WARN_SUSPICIOUS_MOVE = YES;
				CLANG_WARN_UNGUARDED_AVAILABILITY = YES_AGGRESSIVE;
				CLANG_WARN_UNREACHABLE_CODE = YES;
				CLANG_WARN__DUPLICATE_METHOD_MATCH = YES;
				COPY_PHASE_STRIP = NO;
				DEBUG_INFORMATION_FORMAT = "dwarf-with-dsym";
				ENABLE_NS_ASSERTIONS = NO;
				ENABLE_STRICT_OBJC_MSGSEND = YES;
				GCC_C_LANGUAGE_STANDARD = gnu11;
				GCC_NO_COMMON_BLOCKS = YES;
				GCC_WARN_64_TO_32_BIT_CONVERSION = YES;
				GCC_WARN_ABOUT_RETURN_TYPE = YES_ERROR;
				GCC_WARN_UNDECLARED_SELECTOR = YES;
				GCC_WARN_UNINITIALIZED_AUTOS = YES_AGGRESSIVE;
				GCC_WARN_UNUSED_FUNCTION = YES;
				GCC_WARN_UNUSED_VARIABLE = YES;
				IPHONEOS_DEPLOYMENT_TARGET = 13.7;
				MTL_ENABLE_DEBUG_INFO = NO;
				MTL_FAST_MATH = YES;
				SDKROOT = iphoneos;
				SWIFT_COMPILATION_MODE = wholemodule;
				SWIFT_OPTIMIZATION_LEVEL = "-O";
				VALIDATE_PRODUCT = YES;
			};
			name = Release;
		};
		85B197312525E7F700F8B7EE /* Debug */ = {
			isa = XCBuildConfiguration;
			buildSettings = {
				ASSETCATALOG_COMPILER_APPICON_NAME = AppIcon;
				CODE_SIGN_STYLE = Automatic;
				INFOPLIST_FILE = MINC_bilder/Info.plist;
				LD_RUNPATH_SEARCH_PATHS = (
					"$(inherited)",
					"@executable_path/Frameworks",
				);
				PRODUCT_BUNDLE_IDENTIFIER = "se.finlaymacgregor.MINC-bilder";
				PRODUCT_NAME = "$(TARGET_NAME)";
				SWIFT_VERSION = 5.0;
				TARGETED_DEVICE_FAMILY = "1,2";
			};
			name = Debug;
		};
		85B197322525E7F700F8B7EE /* Release */ = {
			isa = XCBuildConfiguration;
			buildSettings = {
				ASSETCATALOG_COMPILER_APPICON_NAME = AppIcon;
				CODE_SIGN_STYLE = Automatic;
				INFOPLIST_FILE = MINC_bilder/Info.plist;
				LD_RUNPATH_SEARCH_PATHS = (
					"$(inherited)",
					"@executable_path/Frameworks",
				);
				PRODUCT_BUNDLE_IDENTIFIER = "se.finlaymacgregor.MINC-bilder";
				PRODUCT_NAME = "$(TARGET_NAME)";
				SWIFT_VERSION = 5.0;
				TARGETED_DEVICE_FAMILY = "1,2";
			};
			name = Release;
		};
/* End XCBuildConfiguration section */

/* Begin XCConfigurationList section */
		85B197172525E7F200F8B7EE /* Build configuration list for PBXProject "MINC_bilder" */ = {
			isa = XCConfigurationList;
			buildConfigurations = (
				85B1972E2525E7F700F8B7EE /* Debug */,
				85B1972F2525E7F700F8B7EE /* Release */,
			);
			defaultConfigurationIsVisible = 0;
			defaultConfigurationName = Release;
		};
		85B197302525E7F700F8B7EE /* Build configuration list for PBXNativeTarget "MINC_bilder" */ = {
			isa = XCConfigurationList;
			buildConfigurations = (
				85B197312525E7F700F8B7EE /* Debug */,
				85B197322525E7F700F8B7EE /* Release */,
			);
			defaultConfigurationIsVisible = 0;
			defaultConfigurationName = Release;
		};
/* End XCConfigurationList section */
	};
	rootObject = 85B197142525E7F200F8B7EE /* Project object */;
}
